
Microsoft Visual Studio Solution File, Format Version 12.00
# Visual Studio Version 17
VisualStudioVersion = 17.5.33502.453
MinimumVisualStudioVersion = 10.0.40219.1
Project("{FAE04EC0-301F-11D3-BF4B-00C04F79EFBC}") = "full_stack_API", "full_stack_API.csproj", "{B46E091F-8821-458A-BEDD-241DA1CCE9BB}"
EndProject
Global
	GlobalSection(SolutionConfigurationPlatforms) = preSolution
		Debug|Any CPU = Debug|Any CPU
		Release|Any CPU = Release|Any CPU
	EndGlobalSection
	GlobalSection(ProjectConfigurationPlatforms) = postSolution
		{B46E091F-8821-458A-BEDD-241DA1CCE9BB}.Debug|Any CPU.ActiveCfg = Debug|Any CPU
		{B46E091F-8821-458A-BEDD-241DA1CCE9BB}.Debug|Any CPU.Build.0 = Debug|Any CPU
		{B46E091F-8821-458A-BEDD-241DA1CCE9BB}.Release|Any CPU.ActiveCfg = Release|Any CPU
		{B46E091F-8821-458A-BEDD-241DA1CCE9BB}.Release|Any CPU.Build.0 = Release|Any CPU
	EndGlobalSection
	GlobalSection(SolutionProperties) = preSolution
		HideSolutionNode = FALSE
	EndGlobalSection
	GlobalSection(ExtensibilityGlobals) = postSolution
		SolutionGuid = {7F05F841-EBBE-42D3-954A-33AC070E1D1A}
	EndGlobalSection
EndGlobal
